github.com/Ulbora/GoProxy v1.0.1 h1:7gFPaJdXDV3tFDSWYxpQx7SQmNKcZPrv4SMwxa+vFhA=
github.com/Ulbora/GoProxy v1.0.1/go.mod h1:8qICy+U1tSywRYoy9RdP+Zm6G2nN2K1YcvMupVlkIYI=
github.com/Ulbora/Level_Logger v1.0.2 h1:uhuNi1oSQ1zSDhuYQS7NEHqtR4lAYPGyW2XGwJZtxmk=
github.com/Ulbora/Level_Logger v1.0.2/go.mod h1:epRidhkOBJSzCCon816WfFCO9vtai8VCmdI8S/xcTbA=
